
Microsoft Visual Studio Solution File, Format Version 12.00
# Visual Studio Version 17
VisualStudioVersion = 17.9.34728.123
MinimumVisualStudioVersion = 10.0.40219.1
Project("{FAE04EC0-301F-11D3-BF4B-00C04F79EFBC}") = "Personal_Assist", "Personal_Assist.csproj", "{58A6194D-4C8D-4063-8D35-D7971392DE90}"
EndProject
Global
	GlobalSection(SolutionConfigurationPlatforms) = preSolution
		Debug|Any CPU = Debug|Any CPU
		Release|Any CPU = Release|Any CPU
	EndGlobalSection
	GlobalSection(ProjectConfigurationPlatforms) = postSolution
		{58A6194D-4C8D-4063-8D35-D7971392DE90}.Debug|Any CPU.ActiveCfg = Debug|Any CPU
		{58A6194D-4C8D-4063-8D35-D7971392DE90}.Debug|Any CPU.Build.0 = Debug|Any CPU
		{58A6194D-4C8D-4063-8D35-D7971392DE90}.Release|Any CPU.ActiveCfg = Release|Any CPU
		{58A6194D-4C8D-4063-8D35-D7971392DE90}.Release|Any CPU.Build.0 = Release|Any CPU
	EndGlobalSection
	GlobalSection(SolutionProperties) = preSolution
		HideSolutionNode = FALSE
	EndGlobalSection
	GlobalSection(ExtensibilityGlobals) = postSolution
		SolutionGuid = {B11A814C-2B8F-4DDF-9208-EB8115712237}
	EndGlobalSection
EndGlobal
